{
  "lockfile_version": "1",
  "packages": {
    "github:NixOS/nixpkgs/nixpkgs-unstable": {
      "resolved": "github:NixOS/nixpkgs/74a40410369a1c35ee09b8a1abee6f4acbedc059?lastModified=1743938762&narHash=sha256-UgFYn8sGv9B8PoFpUfCa43CjMZBl1x%2FShQhRDHBFQdI%3D"
    },
    "maven@latest": {
      "last_modified": "2024-11-16T04:25:12Z",
      "resolved": "github:NixOS/nixpkgs/34a626458d686f1b58139620a8b2793e9e123bba#maven",
      "source": "devbox-search",
      "version": "3.9.9",
      "systems": {
        "aarch64-darwin": {
          "outputs": [
            {
              "name": "out",
              "path": "/nix/store/zl1k7v7x6mfbc6mqx2lfl3j9yk8hf2yw-maven-3.9.9",
              "default": true
            }
          ],
          "store_path": "/nix/store/zl1k7v7x6mfbc6mqx2lfl3j9yk8hf2yw-maven-3.9.9"
        },
        "aarch64-linux": {
          "outputs": [
            {
              "name": "out",
              "path": "/nix/store/m7igrfyvx2fk95hmr3yvlxch2yyg98l6-maven-3.9.9",
              "default": true
            }
          ],
          "store_path": "/nix/store/m7igrfyvx2fk95hmr3yvlxch2yyg98l6-maven-3.9.9"
        },
        "x86_64-darwin": {
          "outputs": [
            {
              "name": "out",
              "path": "/nix/store/vb8ywhgdy2qds395ak67vj6ky0n629q4-maven-3.9.9",
              "default": true
            }
          ],
          "store_path": "/nix/store/vb8ywhgdy2qds395ak67vj6ky0n629q4-maven-3.9.9"
        },
        "x86_64-linux": {
          "outputs": [
            {
              "name": "out",
              "path": "/nix/store/5i6nxg6q0f20b4n5y37khzyhxypymaw9-maven-3.9.9",
              "default": true
            }
          ],
          "store_path": "/nix/store/5i6nxg6q0f20b4n5y37khzyhxypymaw9-maven-3.9.9"
        }
      }
    },
    "openjdk8@latest": {
      "last_modified": "2023-02-24T09:01:09Z",
      "resolved": "github:NixOS/nixpkgs/7d0ed7f2e5aea07ab22ccb338d27fbe347ed2f11#openjdk8",
      "source": "devbox-search",
      "version": "8u352-ga"
    },
    "skaffold@latest": {
      "last_modified": "2024-11-28T07:51:56Z",
      "resolved": "github:NixOS/nixpkgs/226216574ada4c3ecefcbbec41f39ce4655f78ef#skaffold",
      "source": "devbox-search",
      "version": "2.13.2",
      "systems": {
        "aarch64-darwin": {
          "outputs": [
            {
              "name": "out",
              "path": "/nix/store/n4w8wqhfvfns2cfrn7sxhaiynvpqxcc8-skaffold-2.13.2",
              "default": true
            }
          ],
          "store_path": "/nix/store/n4w8wqhfvfns2cfrn7sxhaiynvpqxcc8-skaffold-2.13.2"
        },
        "aarch64-linux": {
          "outputs": [
            {
              "name": "out",
              "path": "/nix/store/i4k2si6wxb8xvdjywfncb6h0gm6gwik1-skaffold-2.13.2",
              "default": true
            }
          ],
          "store_path": "/nix/store/i4k2si6wxb8xvdjywfncb6h0gm6gwik1-skaffold-2.13.2"
        },
        "x86_64-darwin": {
          "outputs": [
            {
              "name": "out",
              "path": "/nix/store/nzy36ck8cc2b1mnnxsmadjjwjvh8c01k-skaffold-2.13.2",
              "default": true
            }
          ],
          "store_path": "/nix/store/nzy36ck8cc2b1mnnxsmadjjwjvh8c01k-skaffold-2.13.2"
        },
        "x86_64-linux": {
          "outputs": [
            {
              "name": "out",
              "path": "/nix/store/84ijy4h7a458aa1wmsyqzabfchrv6r1z-skaffold-2.13.2",
              "default": true
            }
          ],
          "store_path": "/nix/store/84ijy4h7a458aa1wmsyqzabfchrv6r1z-skaffold-2.13.2"
        }
      }
    }
  }
}
