dependencies:
- name: skywalking-helm
  repository: oci://registry-1.docker.io/apache
  version: 4.5.0
- name: postgresql
  repository: oci://registry-1.docker.io/bitnamicharts
  version: 15.1.4
- name: rabbitmq
  repository: oci://registry-1.docker.io/bitnamicharts
  version: 15.4.0
digest: sha256:cf0d0e5e743d064c29f58de7f9f3d8ae628ff9e4edaec449d552a6f28856eea5
generated: "2025-04-25T23:18:58.963713043+08:00"
